# This file is automatically @generated by Cargo.
# It is not intended for manual editing.
version = 4

[[package]]
name = "common_markdown_to_html"
version = "0.1.0"
dependencies = [
 "yapcol",
]

[[package]]
name = "yapcol"
version = "0.5.0"
source = "registry+https://github.com/rust-lang/crates.io-index"
checksum = "acef36eab6e7f1382479bf42aa22b4820078f15af56eb6ee04b153076e9284a8"
