# This file is automatically @generated by Cargo.
# It is not intended for manual editing.
version = 4

[[package]]
name = "common_markdown_to_html"
version = "0.1.0"
dependencies = [
 "yapcol",
]

[[package]]
name = "yapcol"
version = "0.7.0"
source = "registry+https://github.com/rust-lang/crates.io-index"
checksum = "81ce770a9733eebf14de8f5964261052bd2575c05ee5309b96045e82b002a08f"
