# This file is automatically @generated by Cargo.
# It is not intended for manual editing.
version = 4

[[package]]
name = "common_markdown_to_html"
version = "0.1.0"
dependencies = [
 "yapcol",
]

[[package]]
name = "yapcol"
version = "0.6.0"
source = "registry+https://github.com/rust-lang/crates.io-index"
checksum = "58253f72c238b8fdc66a66bddc0b6e75d4a0af9c171f68d86fd9e6a873830a6d"
